
Microsoft Visual Studio Solution File, Format Version 12.00
# Visual Studio Version 17
VisualStudioVersion = 17.0.32112.339
MinimumVisualStudioVersion = 10.0.40219.1
Project("{FAE04EC0-301F-11D3-BF4B-00C04F79EFBC}") = "PooblesCandyShop", "PooblesCandyShop\PooblesCandyShop.csproj", "{7AACCF9E-7B22-4097-B1E2-BF0949A29614}"
EndProject
Global
	GlobalSection(SolutionConfigurationPlatforms) = preSolution
		Debug|Any CPU = Debug|Any CPU
		Release|Any CPU = Release|Any CPU
	EndGlobalSection
	GlobalSection(ProjectConfigurationPlatforms) = postSolution
		{7AACCF9E-7B22-4097-B1E2-BF0949A29614}.Debug|Any CPU.ActiveCfg = Debug|Any CPU
		{7AACCF9E-7B22-4097-B1E2-BF0949A29614}.Debug|Any CPU.Build.0 = Debug|Any CPU
		{7AACCF9E-7B22-4097-B1E2-BF0949A29614}.Release|Any CPU.ActiveCfg = Release|Any CPU
		{7AACCF9E-7B22-4097-B1E2-BF0949A29614}.Release|Any CPU.Build.0 = Release|Any CPU
	EndGlobalSection
	GlobalSection(SolutionProperties) = preSolution
		HideSolutionNode = FALSE
	EndGlobalSection
	GlobalSection(ExtensibilityGlobals) = postSolution
		SolutionGuid = {7E0DDCAD-2237-49CF-8B29-DB4D79C064D4}
	EndGlobalSection
EndGlobal
